
Microsoft Visual Studio Solution File, Format Version 12.00
# Visual Studio Version 17
VisualStudioVersion = 17.7.34024.191
MinimumVisualStudioVersion = 10.0.40219.1
Project("{FAE04EC0-301F-11D3-BF4B-00C04F79EFBC}") = "PooEstructuraDeDatos", "PooEstructuraDeDatos\PooEstructuraDeDatos.csproj", "{6DA0D752-D3F0-4223-AA93-3D51FF538053}"
EndProject
Global
	GlobalSection(SolutionConfigurationPlatforms) = preSolution
		Debug|Any CPU = Debug|Any CPU
		Release|Any CPU = Release|Any CPU
	EndGlobalSection
	GlobalSection(ProjectConfigurationPlatforms) = postSolution
		{6DA0D752-D3F0-4223-AA93-3D51FF538053}.Debug|Any CPU.ActiveCfg = Debug|Any CPU
		{6DA0D752-D3F0-4223-AA93-3D51FF538053}.Debug|Any CPU.Build.0 = Debug|Any CPU
		{6DA0D752-D3F0-4223-AA93-3D51FF538053}.Release|Any CPU.ActiveCfg = Release|Any CPU
		{6DA0D752-D3F0-4223-AA93-3D51FF538053}.Release|Any CPU.Build.0 = Release|Any CPU
	EndGlobalSection
	GlobalSection(SolutionProperties) = preSolution
		HideSolutionNode = FALSE
	EndGlobalSection
	GlobalSection(ExtensibilityGlobals) = postSolution
		SolutionGuid = {8CAE4A35-382A-40EA-A811-F2A490F0C47C}
	EndGlobalSection
EndGlobal
